
Microsoft Visual Studio Solution File, Format Version 12.00
Project("{FAE04EC0-301F-11D3-BF4B-00C04F79EFBC}") = "YahooScrape", "YahooScrape\YahooScrape.csproj", "{F052873B-40A1-4E12-B28F-61805C507828}"
EndProject
Global
	GlobalSection(SolutionConfigurationPlatforms) = preSolution
		Debug|Any CPU = Debug|Any CPU
		Release|Any CPU = Release|Any CPU
	EndGlobalSection
	GlobalSection(ProjectConfigurationPlatforms) = postSolution
		{F052873B-40A1-4E12-B28F-61805C507828}.Debug|Any CPU.ActiveCfg = Debug|Any CPU
		{F052873B-40A1-4E12-B28F-61805C507828}.Debug|Any CPU.Build.0 = Debug|Any CPU
		{F052873B-40A1-4E12-B28F-61805C507828}.Release|Any CPU.ActiveCfg = Release|Any CPU
		{F052873B-40A1-4E12-B28F-61805C507828}.Release|Any CPU.Build.0 = Release|Any CPU
	EndGlobalSection
EndGlobal
